
Microsoft Visual Studio Solution File, Format Version 12.00
# Visual Studio Version 16
VisualStudioVersion = 16.0.28803.352
MinimumVisualStudioVersion = 10.0.40219.1
Project("{9A19103F-16F7-4668-BE54-9A1E7A4F7556}") = "CryCrawler", "CryCrawler\CryCrawler.csproj", "{52B9497E-72AA-4297-9250-1EE4563CE11C}"
EndProject
Project("{FAE04EC0-301F-11D3-BF4B-00C04F79EFBC}") = "CryCrawlerTests", "CryCrawlerTests\CryCrawlerTests.csproj", "{677F8180-CBAF-45DD-A9E5-84ABF8CA1D63}"
EndProject
Global
	GlobalSection(SolutionConfigurationPlatforms) = preSolution
		Debug|Any CPU = Debug|Any CPU
		Release|Any CPU = Release|Any CPU
	EndGlobalSection
	GlobalSection(ProjectConfigurationPlatforms) = postSolution
		{52B9497E-72AA-4297-9250-1EE4563CE11C}.Debug|Any CPU.ActiveCfg = Debug|Any CPU
		{52B9497E-72AA-4297-9250-1EE4563CE11C}.Debug|Any CPU.Build.0 = Debug|Any CPU
		{52B9497E-72AA-4297-9250-1EE4563CE11C}.Release|Any CPU.ActiveCfg = Release|Any CPU
		{52B9497E-72AA-4297-9250-1EE4563CE11C}.Release|Any CPU.Build.0 = Release|Any CPU
		{677F8180-CBAF-45DD-A9E5-84ABF8CA1D63}.Debug|Any CPU.ActiveCfg = Debug|Any CPU
		{677F8180-CBAF-45DD-A9E5-84ABF8CA1D63}.Debug|Any CPU.Build.0 = Debug|Any CPU
		{677F8180-CBAF-45DD-A9E5-84ABF8CA1D63}.Release|Any CPU.ActiveCfg = Release|Any CPU
		{677F8180-CBAF-45DD-A9E5-84ABF8CA1D63}.Release|Any CPU.Build.0 = Release|Any CPU
	EndGlobalSection
	GlobalSection(SolutionProperties) = preSolution
		HideSolutionNode = FALSE
	EndGlobalSection
	GlobalSection(ExtensibilityGlobals) = postSolution
		SolutionGuid = {9BD3B0F8-9EF4-4161-ACB2-8B6E1706F42E}
	EndGlobalSection
EndGlobal
